// !$*UTF8*$!
{
	archiveVersion = 1;
	classes = {
	};
	objectVersion = 46;
	objects = {

/* Begin PBXBuildFile section */
		1CFA3BD8259D4A6D5A61E9DB /* libPods-AdDemo.a in Frameworks */ = {isa = PBXBuildFile; fileRef = 7E52F2CFBCEF5F0AE4D3D7B8 /* libPods-AdDemo.a */; };
		8457595C1D51E6930009A541 /* main.m in Sources */ = {isa = PBXBuildFile; fileRef = 8457595B1D51E6930009A541 /* main.m */; };
		8457595F1D51E6930009A541 /* AppDelegate.m in Sources */ = {isa = PBXBuildFile; fileRef = 8457595E1D51E6930009A541 /* AppDelegate.m */; };
		845759621D51E6930009A541 /* ViewController.m in Sources */ = {isa = PBXBuildFile; fileRef = 845759611D51E6930009A541 /* ViewController.m */; };
		845759651D51E6930009A541 /* Main.storyboard in Resources */ = {isa = PBXBuildFile; fileRef = 845759631D51E6930009A541 /* Main.storyboard */; };
		845759671D51E6930009A541 /* Assets.xcassets in Resources */ = {isa = PBXBuildFile; fileRef = 845759661D51E6930009A541 /* Assets.xcassets */; };
		8457596A1D51E6930009A541 /* LaunchScreen.storyboard in Resources */ = {isa = PBXBuildFile; fileRef = 845759681D51E6930009A541 /* LaunchScreen.storyboard */; };
		845759731D51E6BF0009A541 /* AdCycleScrollView.m in Sources */ = {isa = PBXBuildFile; fileRef = 845759721D51E6BF0009A541 /* AdCycleScrollView.m */; };
		845759791D52D4E00009A541 /* CBDProgressView.m in Sources */ = {isa = PBXBuildFile; fileRef = 845759761D52D4E00009A541 /* CBDProgressView.m */; };
		8457597A1D52D4E00009A541 /* UIImageView+CBDWebImage.m in Sources */ = {isa = PBXBuildFile; fileRef = 845759781D52D4E00009A541 /* UIImageView+CBDWebImage.m */; };
/* End PBXBuildFile section */

/* Begin PBXFileReference section */
		0204DF6888C7E80986B85B5E /* Pods-AdDemo.release.xcconfig */ = {isa = PBXFileReference; includeInIndex = 1; lastKnownFileType = text.xcconfig; name = "Pods-AdDemo.release.xcconfig"; path = "Pods/Target Support Files/Pods-AdDemo/Pods-AdDemo.release.xcconfig"; sourceTree = "<group>"; };
		4C83E102A33712140E4BA419 /* Pods-AdDemo.debug.xcconfig */ = {isa = PBXFileReference; includeInIndex = 1; lastKnownFileType = text.xcconfig; name = "Pods-AdDemo.debug.xcconfig"; path = "Pods/Target Support Files/Pods-AdDemo/Pods-AdDemo.debug.xcconfig"; sourceTree = "<group>"; };
		7E52F2CFBCEF5F0AE4D3D7B8 /* libPods-AdDemo.a */ = {isa = PBXFileReference; explicitFileType = archive.ar; includeInIndex = 0; path = "libPods-AdDemo.a"; sourceTree = BUILT_PRODUCTS_DIR; };
		845759571D51E6930009A541 /* AdDemo.app */ = {isa = PBXFileReference; explicitFileType = wrapper.application; includeInIndex = 0; path = AdDemo.app; sourceTree = BUILT_PRODUCTS_DIR; };
		8457595B1D51E6930009A541 /* main.m */ = {isa = PBXFileReference; lastKnownFileType = sourcecode.c.objc; path = main.m; sourceTree = "<group>"; };
		8457595D1D51E6930009A541 /* AppDelegate.h */ = {isa = PBXFileReference; lastKnownFileType = sourcecode.c.h; path = AppDelegate.h; sourceTree = "<group>"; };
		8457595E1D51E6930009A541 /* AppDelegate.m */ = {isa = PBXFileReference; lastKnownFileType = sourcecode.c.objc; path = AppDelegate.m; sourceTree = "<group>"; };
		845759601D51E6930009A541 /* ViewController.h */ = {isa = PBXFileReference; lastKnownFileType = sourcecode.c.h; path = ViewController.h; sourceTree = "<group>"; };
		845759611D51E6930009A541 /* ViewController.m */ = {isa = PBXFileReference; lastKnownFileType = sourcecode.c.objc; path = ViewController.m; sourceTree = "<group>"; };
		845759641D51E6930009A541 /* Base */ = {isa = PBXFileReference; lastKnownFileType = file.storyboard; name = Base; path = Base.lproj/Main.storyboard; sourceTree = "<group>"; };
		845759661D51E6930009A541 /* Assets.xcassets */ = {isa = PBXFileReference; lastKnownFileType = folder.assetcatalog; path = Assets.xcassets; sourceTree = "<group>"; };
		845759691D51E6930009A541 /* Base */ = {isa = PBXFileReference; lastKnownFileType = file.storyboard; name = Base; path = Base.lproj/LaunchScreen.storyboard; sourceTree = "<group>"; };
		8457596B1D51E6930009A541 /* Info.plist */ = {isa = PBXFileReference; lastKnownFileType = text.plist.xml; path = Info.plist; sourceTree = "<group>"; };
		845759711D51E6BF0009A541 /* AdCycleScrollView.h */ = {isa = PBXFileReference; fileEncoding = 4; lastKnownFileType = sourcecode.c.h; path = AdCycleScrollView.h; sourceTree = "<group>"; };
		845759721D51E6BF0009A541 /* AdCycleScrollView.m */ = {isa = PBXFileReference; fileEncoding = 4; lastKnownFileType = sourcecode.c.objc; path = AdCycleScrollView.m; sourceTree = "<group>"; };
		845759751D52D4E00009A541 /* CBDProgressView.h */ = {isa = PBXFileReference; fileEncoding = 4; lastKnownFileType = sourcecode.c.h; path = CBDProgressView.h; sourceTree = "<group>"; };
		845759761D52D4E00009A541 /* CBDProgressView.m */ = {isa = PBXFileReference; fileEncoding = 4; lastKnownFileType = sourcecode.c.objc; path = CBDProgressView.m; sourceTree = "<group>"; };
		845759771D52D4E00009A541 /* UIImageView+CBDWebImage.h */ = {isa = PBXFileReference; fileEncoding = 4; lastKnownFileType = sourcecode.c.h; path = "UIImageView+CBDWebImage.h"; sourceTree = "<group>"; };
		845759781D52D4E00009A541 /* UIImageView+CBDWebImage.m */ = {isa = PBXFileReference; fileEncoding = 4; lastKnownFileType = sourcecode.c.objc; path = "UIImageView+CBDWebImage.m"; sourceTree = "<group>"; };
/* End PBXFileReference section */

/* Begin PBXFrameworksBuildPhase section */
		845759541D51E6930009A541 /* Frameworks */ = {
			isa = PBXFrameworksBuildPhase;
			buildActionMask = 2147483647;
			files = (
				1CFA3BD8259D4A6D5A61E9DB /* libPods-AdDemo.a in Frameworks */,
			);
			runOnlyForDeploymentPostprocessing = 0;
		};
/* End PBXFrameworksBuildPhase section */

/* Begin PBXGroup section */
		8457594E1D51E6930009A541 = {
			isa = PBXGroup;
			children = (
				845759591D51E6930009A541 /* AdDemo */,
				845759581D51E6930009A541 /* Products */,
				FFEBE2DFAEB72D9D759617AC /* Pods */,
				86F19EB982077270C9081277 /* Frameworks */,
			);
			sourceTree = "<group>";
		};
		845759581D51E6930009A541 /* Products */ = {
			isa = PBXGroup;
			children = (
				845759571D51E6930009A541 /* AdDemo.app */,
			);
			name = Products;
			sourceTree = "<group>";
		};
		845759591D51E6930009A541 /* AdDemo */ = {
			isa = PBXGroup;
			children = (
				845759741D52D4E00009A541 /* CBDImage */,
				845759711D51E6BF0009A541 /* AdCycleScrollView.h */,
				845759721D51E6BF0009A541 /* AdCycleScrollView.m */,
				8457595D1D51E6930009A541 /* AppDelegate.h */,
				8457595E1D51E6930009A541 /* AppDelegate.m */,
				845759601D51E6930009A541 /* ViewController.h */,
				845759611D51E6930009A541 /* ViewController.m */,
				845759631D51E6930009A541 /* Main.storyboard */,
				845759661D51E6930009A541 /* Assets.xcassets */,
				845759681D51E6930009A541 /* LaunchScreen.storyboard */,
				8457596B1D51E6930009A541 /* Info.plist */,
				8457595A1D51E6930009A541 /* Supporting Files */,
			);
			path = AdDemo;
			sourceTree = "<group>";
		};
		8457595A1D51E6930009A541 /* Supporting Files */ = {
			isa = PBXGroup;
			children = (
				8457595B1D51E6930009A541 /* main.m */,
			);
			name = "Supporting Files";
			sourceTree = "<group>";
		};
		845759741D52D4E00009A541 /* CBDImage */ = {
			isa = PBXGroup;
			children = (
				845759751D52D4E00009A541 /* CBDProgressView.h */,
				845759761D52D4E00009A541 /* CBDProgressView.m */,
				845759771D52D4E00009A541 /* UIImageView+CBDWebImage.h */,
				845759781D52D4E00009A541 /* UIImageView+CBDWebImage.m */,
			);
			path = CBDImage;
			sourceTree = "<group>";
		};
		86F19EB982077270C9081277 /* Frameworks */ = {
			isa = PBXGroup;
			children = (
				7E52F2CFBCEF5F0AE4D3D7B8 /* libPods-AdDemo.a */,
			);
			name = Frameworks;
			sourceTree = "<group>";
		};
		FFEBE2DFAEB72D9D759617AC /* Pods */ = {
			isa = PBXGroup;
			children = (
				4C83E102A33712140E4BA419 /* Pods-AdDemo.debug.xcconfig */,
				0204DF6888C7E80986B85B5E /* Pods-AdDemo.release.xcconfig */,
			);
			name = Pods;
			sourceTree = "<group>";
		};
/* End PBXGroup section */

/* Begin PBXNativeTarget section */
		845759561D51E6930009A541 /* AdDemo */ = {
			isa = PBXNativeTarget;
			buildConfigurationList = 8457596E1D51E6930009A541 /* Build configuration list for PBXNativeTarget "AdDemo" */;
			buildPhases = (
				3A9BEEAB21B4B53A544703D2 /* [CP] Check Pods Manifest.lock */,
				845759531D51E6930009A541 /* Sources */,
				845759541D51E6930009A541 /* Frameworks */,
				845759551D51E6930009A541 /* Resources */,
				C57F95C73A583FE27D0E49BD /* [CP] Embed Pods Frameworks */,
				0805BD3697B0E1BE1A4A0F3F /* [CP] Copy Pods Resources */,
			);
			buildRules = (
			);
			dependencies = (
			);
			name = AdDemo;
			productName = AdDemo;
			productReference = 845759571D51E6930009A541 /* AdDemo.app */;
			productType = "com.apple.product-type.application";
		};
/* End PBXNativeTarget section */

/* Begin PBXProject section */
		8457594F1D51E6930009A541 /* Project object */ = {
			isa = PBXProject;
			attributes = {
				LastUpgradeCheck = 0730;
				ORGANIZATIONNAME = "李政";
				TargetAttributes = {
					845759561D51E6930009A541 = {
						CreatedOnToolsVersion = 7.3;
					};
				};
			};
			buildConfigurationList = 845759521D51E6930009A541 /* Build configuration list for PBXProject "AdDemo" */;
			compatibilityVersion = "Xcode 3.2";
			developmentRegion = English;
			hasScannedForEncodings = 0;
			knownRegions = (
				en,
				Base,
			);
			mainGroup = 8457594E1D51E6930009A541;
			productRefGroup = 845759581D51E6930009A541 /* Products */;
			projectDirPath = "";
			projectRoot = "";
			targets = (
				845759561D51E6930009A541 /* AdDemo */,
			);
		};
/* End PBXProject section */

/* Begin PBXResourcesBuildPhase section */
		845759551D51E6930009A541 /* Resources */ = {
			isa = PBXResourcesBuildPhase;
			buildActionMask = 2147483647;
			files = (
				8457596A1D51E6930009A541 /* LaunchScreen.storyboard in Resources */,
				845759671D51E6930009A541 /* Assets.xcassets in Resources */,
				845759651D51E6930009A541 /* Main.storyboard in Resources */,
			);
			runOnlyForDeploymentPostprocessing = 0;
		};
/* End PBXResourcesBuildPhase section */

/* Begin PBXShellScriptBuildPhase section */
		0805BD3697B0E1BE1A4A0F3F /* [CP] Copy Pods Resources */ = {
			isa = PBXShellScriptBuildPhase;
			buildActionMask = 2147483647;
			files = (
			);
			inputPaths = (
			);
			name = "[CP] Copy Pods Resources";
			outputPaths = (
			);
			runOnlyForDeploymentPostprocessing = 0;
			shellPath = /bin/sh;
			shellScript = "\"${SRCROOT}/Pods/Target Support Files/Pods-AdDemo/Pods-AdDemo-resources.sh\"\n";
			showEnvVarsInLog = 0;
		};
		3A9BEEAB21B4B53A544703D2 /* [CP] Check Pods Manifest.lock */ = {
			isa = PBXShellScriptBuildPhase;
			buildActionMask = 2147483647;
			files = (
			);
			inputPaths = (
			);
			name = "[CP] Check Pods Manifest.lock";
			outputPaths = (
			);
			runOnlyForDeploymentPostprocessing = 0;
			shellPath = /bin/sh;
			shellScript = "diff \"${PODS_ROOT}/../Podfile.lock\" \"${PODS_ROOT}/Manifest.lock\" > /dev/null\nif [ $? != 0 ] ; then\n    # print error to STDERR\n    echo \"error: The sandbox is not in sync with the Podfile.lock. Run 'pod install' or update your CocoaPods installation.\" >&2\n    exit 1\nfi\n";
			showEnvVarsInLog = 0;
		};
		C57F95C73A583FE27D0E49BD /* [CP] Embed Pods Frameworks */ = {
			isa = PBXShellScriptBuildPhase;
			buildActionMask = 2147483647;
			files = (
			);
			inputPaths = (
			);
			name = "[CP] Embed Pods Frameworks";
			outputPaths = (
			);
			runOnlyForDeploymentPostprocessing = 0;
			shellPath = /bin/sh;
			shellScript = "\"${SRCROOT}/Pods/Target Support Files/Pods-AdDemo/Pods-AdDemo-frameworks.sh\"\n";
			showEnvVarsInLog = 0;
		};
/* End PBXShellScriptBuildPhase section */

/* Begin PBXSourcesBuildPhase section */
		845759531D51E6930009A541 /* Sources */ = {
			isa = PBXSourcesBuildPhase;
			buildActionMask = 2147483647;
			files = (
				845759791D52D4E00009A541 /* CBDProgressView.m in Sources */,
				845759621D51E6930009A541 /* ViewController.m in Sources */,
				845759731D51E6BF0009A541 /* AdCycleScrollView.m in Sources */,
				8457597A1D52D4E00009A541 /* UIImageView+CBDWebImage.m in Sources */,
				8457595F1D51E6930009A541 /* AppDelegate.m in Sources */,
				8457595C1D51E6930009A541 /* main.m in Sources */,
			);
			runOnlyForDeploymentPostprocessing = 0;
		};
/* End PBXSourcesBuildPhase section */

/* Begin PBXVariantGroup section */
		845759631D51E6930009A541 /* Main.storyboard */ = {
			isa = PBXVariantGroup;
			children = (
				845759641D51E6930009A541 /* Base */,
			);
			name = Main.storyboard;
			sourceTree = "<group>";
		};
		845759681D51E6930009A541 /* LaunchScreen.storyboard */ = {
			isa = PBXVariantGroup;
			children = (
				845759691D51E6930009A541 /* Base */,
			);
			name = LaunchScreen.storyboard;
			sourceTree = "<group>";
		};
/* End PBXVariantGroup section */

/* Begin XCBuildConfiguration section */
		8457596C1D51E6930009A541 /* Debug */ = {
			isa = XCBuildConfiguration;
			buildSettings = {
				ALWAYS_SEARCH_USER_PATHS = NO;
				CLANG_ANALYZER_NONNULL = YES;
				CLANG_CXX_LANGUAGE_STANDARD = "gnu++0x";
				CLANG_CXX_LIBRARY = "libc++";
				CLANG_ENABLE_MODULES = YES;
				CLANG_ENABLE_OBJC_ARC = YES;
				CLANG_WARN_BOOL_CONVERSION = YES;
				CLANG_WARN_CONSTANT_CONVERSION = YES;
				CLANG_WARN_DIRECT_OBJC_ISA_USAGE = YES_ERROR;
				CLANG_WARN_EMPTY_BODY = YES;
				CLANG_WARN_ENUM_CONVERSION = YES;
				CLANG_WARN_INT_CONVERSION = YES;
				CLANG_WARN_OBJC_ROOT_CLASS = YES_ERROR;
				CLANG_WARN_UNREACHABLE_CODE = YES;
				CLANG_WARN__DUPLICATE_METHOD_MATCH = YES;
				"CODE_SIGN_IDENTITY[sdk=iphoneos*]" = "iPhone Developer";
				COPY_PHASE_STRIP = NO;
				DEBUG_INFORMATION_FORMAT = dwarf;
				ENABLE_STRICT_OBJC_MSGSEND = YES;
				ENABLE_TESTABILITY = YES;
				GCC_C_LANGUAGE_STANDARD = gnu99;
				GCC_DYNAMIC_NO_PIC = NO;
				GCC_NO_COMMON_BLOCKS = YES;
				GCC_OPTIMIZATION_LEVEL = 0;
				GCC_PREPROCESSOR_DEFINITIONS = (
					"DEBUG=1",
					"$(inherited)",
				);
				GCC_WARN_64_TO_32_BIT_CONVERSION = YES;
				GCC_WARN_ABOUT_RETURN_TYPE = YES_ERROR;
				GCC_WARN_UNDECLARED_SELECTOR = YES;
				GCC_WARN_UNINITIALIZED_AUTOS = YES_AGGRESSIVE;
				GCC_WARN_UNUSED_FUNCTION = YES;
				GCC_WARN_UNUSED_VARIABLE = YES;
				IPHONEOS_DEPLOYMENT_TARGET = 9.3;
				MTL_ENABLE_DEBUG_INFO = YES;
				ONLY_ACTIVE_ARCH = YES;
				SDKROOT = iphoneos;
			};
			name = Debug;
		};
		8457596D1D51E6930009A541 /* Release */ = {
			isa = XCBuildConfiguration;
			buildSettings = {
				ALWAYS_SEARCH_USER_PATHS = NO;
				CLANG_ANALYZER_NONNULL = YES;
				CLANG_CXX_LANGUAGE_STANDARD = "gnu++0x";
				CLANG_CXX_LIBRARY = "libc++";
				CLANG_ENABLE_MODULES = YES;
				CLANG_ENABLE_OBJC_ARC = YES;
				CLANG_WARN_BOOL_CONVERSION = YES;
				CLANG_WARN_CONSTANT_CONVERSION = YES;
				CLANG_WARN_DIRECT_OBJC_ISA_USAGE = YES_ERROR;
				CLANG_WARN_EMPTY_BODY = YES;
				CLANG_WARN_ENUM_CONVERSION = YES;
				CLANG_WARN_INT_CONVERSION = YES;
				CLANG_WARN_OBJC_ROOT_CLASS = YES_ERROR;
				CLANG_WARN_UNREACHABLE_CODE = YES;
				CLANG_WARN__DUPLICATE_METHOD_MATCH = YES;
				"CODE_SIGN_IDENTITY[sdk=iphoneos*]" = "iPhone Developer";
				COPY_PHASE_STRIP = NO;
				DEBUG_INFORMATION_FORMAT = "dwarf-with-dsym";
				ENABLE_NS_ASSERTIONS = NO;
				ENABLE_STRICT_OBJC_MSGSEND = YES;
				GCC_C_LANGUAGE_STANDARD = gnu99;
				GCC_NO_COMMON_BLOCKS = YES;
				GCC_WARN_64_TO_32_BIT_CONVERSION = YES;
				GCC_WARN_ABOUT_RETURN_TYPE = YES_ERROR;
				GCC_WARN_UNDECLARED_SELECTOR = YES;
				GCC_WARN_UNINITIALIZED_AUTOS = YES_AGGRESSIVE;
				GCC_WARN_UNUSED_FUNCTION = YES;
				GCC_WARN_UNUSED_VARIABLE = YES;
				IPHONEOS_DEPLOYMENT_TARGET = 9.3;
				MTL_ENABLE_DEBUG_INFO = NO;
				SDKROOT = iphoneos;
				VALIDATE_PRODUCT = YES;
			};
			name = Release;
		};
		8457596F1D51E6930009A541 /* Debug */ = {
			isa = XCBuildConfiguration;
			baseConfigurationReference = 4C83E102A33712140E4BA419 /* Pods-AdDemo.debug.xcconfig */;
			buildSettings = {
				ASSETCATALOG_COMPILER_APPICON_NAME = AppIcon;
				INFOPLIST_FILE = AdDemo/Info.plist;
				IPHONEOS_DEPLOYMENT_TARGET = 7.0;
				LD_RUNPATH_SEARCH_PATHS = "$(inherited) @executable_path/Frameworks";
				PRODUCT_BUNDLE_IDENTIFIER = lz.AdDemo;
				PRODUCT_NAME = "$(TARGET_NAME)";
			};
			name = Debug;
		};
		845759701D51E6930009A541 /* Release */ = {
			isa = XCBuildConfiguration;
			baseConfigurationReference = 0204DF6888C7E80986B85B5E /* Pods-AdDemo.release.xcconfig */;
			buildSettings = {
				ASSETCATALOG_COMPILER_APPICON_NAME = AppIcon;
				INFOPLIST_FILE = AdDemo/Info.plist;
				IPHONEOS_DEPLOYMENT_TARGET = 7.0;
				LD_RUNPATH_SEARCH_PATHS = "$(inherited) @executable_path/Frameworks";
				PRODUCT_BUNDLE_IDENTIFIER = lz.AdDemo;
				PRODUCT_NAME = "$(TARGET_NAME)";
			};
			name = Release;
		};
/* End XCBuildConfiguration section */

/* Begin XCConfigurationList section */
		845759521D51E6930009A541 /* Build configuration list for PBXProject "AdDemo" */ = {
			isa = XCConfigurationList;
			buildConfigurations = (
				8457596C1D51E6930009A541 /* Debug */,
				8457596D1D51E6930009A541 /* Release */,
			);
			defaultConfigurationIsVisible = 0;
			defaultConfigurationName = Release;
		};
		8457596E1D51E6930009A541 /* Build configuration list for PBXNativeTarget "AdDemo" */ = {
			isa = XCConfigurationList;
			buildConfigurations = (
				8457596F1D51E6930009A541 /* Debug */,
				845759701D51E6930009A541 /* Release */,
			);
			defaultConfigurationIsVisible = 0;
			defaultConfigurationName = Release;
		};
/* End XCConfigurationList section */
	};
	rootObject = 8457594F1D51E6930009A541 /* Project object */;
}
